
Microsoft Visual Studio Solution File, Format Version 12.00
# Visual Studio Version 16
VisualStudioVersion = 16.0.29519.87
MinimumVisualStudioVersion = 10.0.40219.1
Project("{D954291E-2A0B-460D-934E-DC6B0785DB48}") = "ToDo.Shared", "ToDo\ToDo.Shared\ToDo.Shared.shproj", "{6279C845-92F8-4333-AB99-3D213163593C}"
EndProject
Project("{FAE04EC0-301F-11D3-BF4B-00C04F79EFBC}") = "ToDo.Droid", "ToDo\ToDo.Droid\ToDo.Droid.csproj", "{2CB31828-2CD3-4CFC-88A9-57917477D85D}"
EndProject
Project("{FAE04EC0-301F-11D3-BF4B-00C04F79EFBC}") = "ToDo.iOS", "ToDo\ToDo.iOS\ToDo.iOS.csproj", "{5A51A5FD-EC5B-4C71-B15C-B83F805987CA}"
EndProject
Project("{FAE04EC0-301F-11D3-BF4B-00C04F79EFBC}") = "ToDo.UWP", "ToDo\ToDo.UWP\ToDo.UWP.csproj", "{320B8AE6-0249-48AC-A796-81D8642BAF8F}"
EndProject
Project("{FAE04EC0-301F-11D3-BF4B-00C04F79EFBC}") = "ToDo.Wasm", "ToDo\ToDo.Wasm\ToDo.Wasm.csproj", "{804ECB3A-3ACC-40E4-B7B7-3D0E545808AF}"
EndProject
Project("{FAE04EC0-301F-11D3-BF4B-00C04F79EFBC}") = "ToDo.Models", "ToDo.Models\ToDo.Models.csproj", "{54CC3DEA-D0F4-47FB-8E73-D1CA4468A183}"
EndProject
Project("{FAE04EC0-301F-11D3-BF4B-00C04F79EFBC}") = "ToDo.ViewModels", "ToDo.ViewModels\ToDo.ViewModels.csproj", "{ECB17859-8634-44A4-86E8-2541234A1D05}"
EndProject
Global
	GlobalSection(SharedMSBuildProjectFiles) = preSolution
		ToDo\ToDo.Shared\ToDo.Shared.projitems*{320b8ae6-0249-48ac-a796-81d8642baf8f}*SharedItemsImports = 4
		ToDo\ToDo.Shared\ToDo.Shared.projitems*{6279c845-92f8-4333-ab99-3d213163593c}*SharedItemsImports = 13
	EndGlobalSection
	GlobalSection(SolutionConfigurationPlatforms) = preSolution
		Ad-Hoc|Any CPU = Ad-Hoc|Any CPU
		Ad-Hoc|ARM = Ad-Hoc|ARM
		Ad-Hoc|iPhone = Ad-Hoc|iPhone
		Ad-Hoc|iPhoneSimulator = Ad-Hoc|iPhoneSimulator
		Ad-Hoc|x64 = Ad-Hoc|x64
		Ad-Hoc|x86 = Ad-Hoc|x86
		AppStore|Any CPU = AppStore|Any CPU
		AppStore|ARM = AppStore|ARM
		AppStore|iPhone = AppStore|iPhone
		AppStore|iPhoneSimulator = AppStore|iPhoneSimulator
		AppStore|x64 = AppStore|x64
		AppStore|x86 = AppStore|x86
		Debug|Any CPU = Debug|Any CPU
		Debug|ARM = Debug|ARM
		Debug|iPhone = Debug|iPhone
		Debug|iPhoneSimulator = Debug|iPhoneSimulator
		Debug|x64 = Debug|x64
		Debug|x86 = Debug|x86
		Release|Any CPU = Release|Any CPU
		Release|ARM = Release|ARM
		Release|iPhone = Release|iPhone
		Release|iPhoneSimulator = Release|iPhoneSimulator
		Release|x64 = Release|x64
		Release|x86 = Release|x86
	EndGlobalSection
	GlobalSection(ProjectConfigurationPlatforms) = postSolution
		{2CB31828-2CD3-4CFC-88A9-57917477D85D}.Ad-Hoc|Any CPU.ActiveCfg = Release|Any CPU
		{2CB31828-2CD3-4CFC-88A9-57917477D85D}.Ad-Hoc|Any CPU.Build.0 = Release|Any CPU
		{2CB31828-2CD3-4CFC-88A9-57917477D85D}.Ad-Hoc|Any CPU.Deploy.0 = Release|Any CPU
		{2CB31828-2CD3-4CFC-88A9-57917477D85D}.Ad-Hoc|ARM.ActiveCfg = Release|Any CPU
		{2CB31828-2CD3-4CFC-88A9-57917477D85D}.Ad-Hoc|ARM.Build.0 = Release|Any CPU
		{2CB31828-2CD3-4CFC-88A9-57917477D85D}.Ad-Hoc|ARM.Deploy.0 = Release|Any CPU
		{2CB31828-2CD3-4CFC-88A9-57917477D85D}.Ad-Hoc|iPhone.ActiveCfg = Release|Any CPU
		{2CB31828-2CD3-4CFC-88A9-57917477D85D}.Ad-Hoc|iPhone.Build.0 = Release|Any CPU
		{2CB31828-2CD3-4CFC-88A9-57917477D85D}.Ad-Hoc|iPhone.Deploy.0 = Release|Any CPU
		{2CB31828-2CD3-4CFC-88A9-57917477D85D}.Ad-Hoc|iPhoneSimulator.ActiveCfg = Release|Any CPU
		{2CB31828-2CD3-4CFC-88A9-57917477D85D}.Ad-Hoc|iPhoneSimulator.Build.0 = Release|Any CPU
		{2CB31828-2CD3-4CFC-88A9-57917477D85D}.Ad-Hoc|iPhoneSimulator.Deploy.0 = Release|Any CPU
		{2CB31828-2CD3-4CFC-88A9-57917477D85D}.Ad-Hoc|x64.ActiveCfg = Release|Any CPU
		{2CB31828-2CD3-4CFC-88A9-57917477D85D}.Ad-Hoc|x64.Build.0 = Release|Any CPU
		{2CB31828-2CD3-4CFC-88A9-57917477D85D}.Ad-Hoc|x64.Deploy.0 = Release|Any CPU
		{2CB31828-2CD3-4CFC-88A9-57917477D85D}.Ad-Hoc|x86.ActiveCfg = Release|Any CPU
		{2CB31828-2CD3-4CFC-88A9-57917477D85D}.Ad-Hoc|x86.Build.0 = Release|Any CPU
		{2CB31828-2CD3-4CFC-88A9-57917477D85D}.Ad-Hoc|x86.Deploy.0 = Release|Any CPU
		{2CB31828-2CD3-4CFC-88A9-57917477D85D}.AppStore|Any CPU.ActiveCfg = Release|Any CPU
		{2CB31828-2CD3-4CFC-88A9-57917477D85D}.AppStore|Any CPU.Build.0 = Release|Any CPU
		{2CB31828-2CD3-4CFC-88A9-57917477D85D}.AppStore|Any CPU.Deploy.0 = Release|Any CPU
		{2CB31828-2CD3-4CFC-88A9-57917477D85D}.AppStore|ARM.ActiveCfg = Release|Any CPU
		{2CB31828-2CD3-4CFC-88A9-57917477D85D}.AppStore|ARM.Build.0 = Release|Any CPU
		{2CB31828-2CD3-4CFC-88A9-57917477D85D}.AppStore|ARM.Deploy.0 = Release|Any CPU
		{2CB31828-2CD3-4CFC-88A9-57917477D85D}.AppStore|iPhone.ActiveCfg = Release|Any CPU
		{2CB31828-2CD3-4CFC-88A9-57917477D85D}.AppStore|iPhone.Build.0 = Release|Any CPU
		{2CB31828-2CD3-4CFC-88A9-57917477D85D}.AppStore|iPhone.Deploy.0 = Release|Any CPU
		{2CB31828-2CD3-4CFC-88A9-57917477D85D}.AppStore|iPhoneSimulator.ActiveCfg = Release|Any CPU
		{2CB31828-2CD3-4CFC-88A9-57917477D85D}.AppStore|iPhoneSimulator.Build.0 = Release|Any CPU
		{2CB31828-2CD3-4CFC-88A9-57917477D85D}.AppStore|iPhoneSimulator.Deploy.0 = Release|Any CPU
		{2CB31828-2CD3-4CFC-88A9-57917477D85D}.AppStore|x64.ActiveCfg = Release|Any CPU
		{2CB31828-2CD3-4CFC-88A9-57917477D85D}.AppStore|x64.Build.0 = Release|Any CPU
		{2CB31828-2CD3-4CFC-88A9-57917477D85D}.AppStore|x64.Deploy.0 = Release|Any CPU
		{2CB31828-2CD3-4CFC-88A9-57917477D85D}.AppStore|x86.ActiveCfg = Release|Any CPU
		{2CB31828-2CD3-4CFC-88A9-57917477D85D}.AppStore|x86.Build.0 = Release|Any CPU
		{2CB31828-2CD3-4CFC-88A9-57917477D85D}.AppStore|x86.Deploy.0 = Release|Any CPU
		{2CB31828-2CD3-4CFC-88A9-57917477D85D}.Debug|Any CPU.ActiveCfg = Debug|Any CPU
		{2CB31828-2CD3-4CFC-88A9-57917477D85D}.Debug|Any CPU.Build.0 = Debug|Any CPU
		{2CB31828-2CD3-4CFC-88A9-57917477D85D}.Debug|Any CPU.Deploy.0 = Debug|Any CPU
		{2CB31828-2CD3-4CFC-88A9-57917477D85D}.Debug|ARM.ActiveCfg = Debug|Any CPU
		{2CB31828-2CD3-4CFC-88A9-57917477D85D}.Debug|ARM.Build.0 = Debug|Any CPU
		{2CB31828-2CD3-4CFC-88A9-57917477D85D}.Debug|ARM.Deploy.0 = Debug|Any CPU
		{2CB31828-2CD3-4CFC-88A9-57917477D85D}.Debug|iPhone.ActiveCfg = Debug|Any CPU
		{2CB31828-2CD3-4CFC-88A9-57917477D85D}.Debug|iPhone.Build.0 = Debug|Any CPU
		{2CB31828-2CD3-4CFC-88A9-57917477D85D}.Debug|iPhone.Deploy.0 = Debug|Any CPU
		{2CB31828-2CD3-4CFC-88A9-57917477D85D}.Debug|iPhoneSimulator.ActiveCfg = Debug|Any CPU
		{2CB31828-2CD3-4CFC-88A9-57917477D85D}.Debug|iPhoneSimulator.Build.0 = Debug|Any CPU
		{2CB31828-2CD3-4CFC-88A9-57917477D85D}.Debug|iPhoneSimulator.Deploy.0 = Debug|Any CPU
		{2CB31828-2CD3-4CFC-88A9-57917477D85D}.Debug|x64.ActiveCfg = Debug|Any CPU
		{2CB31828-2CD3-4CFC-88A9-57917477D85D}.Debug|x64.Build.0 = Debug|Any CPU
		{2CB31828-2CD3-4CFC-88A9-57917477D85D}.Debug|x64.Deploy.0 = Debug|Any CPU
		{2CB31828-2CD3-4CFC-88A9-57917477D85D}.Debug|x86.ActiveCfg = Debug|Any CPU
		{2CB31828-2CD3-4CFC-88A9-57917477D85D}.Debug|x86.Build.0 = Debug|Any CPU
		{2CB31828-2CD3-4CFC-88A9-57917477D85D}.Debug|x86.Deploy.0 = Debug|Any CPU
		{2CB31828-2CD3-4CFC-88A9-57917477D85D}.Release|Any CPU.ActiveCfg = Release|Any CPU
		{2CB31828-2CD3-4CFC-88A9-57917477D85D}.Release|Any CPU.Build.0 = Release|Any CPU
		{2CB31828-2CD3-4CFC-88A9-57917477D85D}.Release|Any CPU.Deploy.0 = Release|Any CPU
		{2CB31828-2CD3-4CFC-88A9-57917477D85D}.Release|ARM.ActiveCfg = Release|Any CPU
		{2CB31828-2CD3-4CFC-88A9-57917477D85D}.Release|ARM.Build.0 = Release|Any CPU
		{2CB31828-2CD3-4CFC-88A9-57917477D85D}.Release|ARM.Deploy.0 = Release|Any CPU
		{2CB31828-2CD3-4CFC-88A9-57917477D85D}.Release|iPhone.ActiveCfg = Release|Any CPU
		{2CB31828-2CD3-4CFC-88A9-57917477D85D}.Release|iPhone.Build.0 = Release|Any CPU
		{2CB31828-2CD3-4CFC-88A9-57917477D85D}.Release|iPhone.Deploy.0 = Release|Any CPU
		{2CB31828-2CD3-4CFC-88A9-57917477D85D}.Release|iPhoneSimulator.ActiveCfg = Release|Any CPU
		{2CB31828-2CD3-4CFC-88A9-57917477D85D}.Release|iPhoneSimulator.Build.0 = Release|Any CPU
		{2CB31828-2CD3-4CFC-88A9-57917477D85D}.Release|iPhoneSimulator.Deploy.0 = Release|Any CPU
		{2CB31828-2CD3-4CFC-88A9-57917477D85D}.Release|x64.ActiveCfg = Release|Any CPU
		{2CB31828-2CD3-4CFC-88A9-57917477D85D}.Release|x64.Build.0 = Release|Any CPU
		{2CB31828-2CD3-4CFC-88A9-57917477D85D}.Release|x64.Deploy.0 = Release|Any CPU
		{2CB31828-2CD3-4CFC-88A9-57917477D85D}.Release|x86.ActiveCfg = Release|Any CPU
		{2CB31828-2CD3-4CFC-88A9-57917477D85D}.Release|x86.Build.0 = Release|Any CPU
		{2CB31828-2CD3-4CFC-88A9-57917477D85D}.Release|x86.Deploy.0 = Release|Any CPU
		{5A51A5FD-EC5B-4C71-B15C-B83F805987CA}.Ad-Hoc|Any CPU.ActiveCfg = Ad-Hoc|iPhone
		{5A51A5FD-EC5B-4C71-B15C-B83F805987CA}.Ad-Hoc|ARM.ActiveCfg = Ad-Hoc|iPhone
		{5A51A5FD-EC5B-4C71-B15C-B83F805987CA}.Ad-Hoc|iPhone.ActiveCfg = Ad-Hoc|iPhone
		{5A51A5FD-EC5B-4C71-B15C-B83F805987CA}.Ad-Hoc|iPhone.Build.0 = Ad-Hoc|iPhone
		{5A51A5FD-EC5B-4C71-B15C-B83F805987CA}.Ad-Hoc|iPhoneSimulator.ActiveCfg = Ad-Hoc|iPhoneSimulator
		{5A51A5FD-EC5B-4C71-B15C-B83F805987CA}.Ad-Hoc|iPhoneSimulator.Build.0 = Ad-Hoc|iPhoneSimulator
		{5A51A5FD-EC5B-4C71-B15C-B83F805987CA}.Ad-Hoc|x64.ActiveCfg = Ad-Hoc|iPhone
		{5A51A5FD-EC5B-4C71-B15C-B83F805987CA}.Ad-Hoc|x86.ActiveCfg = Ad-Hoc|iPhone
		{5A51A5FD-EC5B-4C71-B15C-B83F805987CA}.AppStore|Any CPU.ActiveCfg = AppStore|iPhone
		{5A51A5FD-EC5B-4C71-B15C-B83F805987CA}.AppStore|ARM.ActiveCfg = AppStore|iPhone
		{5A51A5FD-EC5B-4C71-B15C-B83F805987CA}.AppStore|iPhone.ActiveCfg = AppStore|iPhone
		{5A51A5FD-EC5B-4C71-B15C-B83F805987CA}.AppStore|iPhone.Build.0 = AppStore|iPhone
		{5A51A5FD-EC5B-4C71-B15C-B83F805987CA}.AppStore|iPhoneSimulator.ActiveCfg = AppStore|iPhoneSimulator
		{5A51A5FD-EC5B-4C71-B15C-B83F805987CA}.AppStore|iPhoneSimulator.Build.0 = AppStore|iPhoneSimulator
		{5A51A5FD-EC5B-4C71-B15C-B83F805987CA}.AppStore|x64.ActiveCfg = AppStore|iPhone
		{5A51A5FD-EC5B-4C71-B15C-B83F805987CA}.AppStore|x86.ActiveCfg = AppStore|iPhone
		{5A51A5FD-EC5B-4C71-B15C-B83F805987CA}.Debug|Any CPU.ActiveCfg = Debug|iPhone
		{5A51A5FD-EC5B-4C71-B15C-B83F805987CA}.Debug|ARM.ActiveCfg = Debug|iPhone
		{5A51A5FD-EC5B-4C71-B15C-B83F805987CA}.Debug|iPhone.ActiveCfg = Debug|iPhone
		{5A51A5FD-EC5B-4C71-B15C-B83F805987CA}.Debug|iPhone.Build.0 = Debug|iPhone
		{5A51A5FD-EC5B-4C71-B15C-B83F805987CA}.Debug|iPhoneSimulator.ActiveCfg = Debug|iPhoneSimulator
		{5A51A5FD-EC5B-4C71-B15C-B83F805987CA}.Debug|iPhoneSimulator.Build.0 = Debug|iPhoneSimulator
		{5A51A5FD-EC5B-4C71-B15C-B83F805987CA}.Debug|x64.ActiveCfg = Debug|iPhone
		{5A51A5FD-EC5B-4C71-B15C-B83F805987CA}.Debug|x86.ActiveCfg = Debug|iPhone
		{5A51A5FD-EC5B-4C71-B15C-B83F805987CA}.Release|Any CPU.ActiveCfg = Release|iPhone
		{5A51A5FD-EC5B-4C71-B15C-B83F805987CA}.Release|ARM.ActiveCfg = Release|iPhone
		{5A51A5FD-EC5B-4C71-B15C-B83F805987CA}.Release|iPhone.ActiveCfg = Release|iPhone
		{5A51A5FD-EC5B-4C71-B15C-B83F805987CA}.Release|iPhone.Build.0 = Release|iPhone
		{5A51A5FD-EC5B-4C71-B15C-B83F805987CA}.Release|iPhoneSimulator.ActiveCfg = Release|iPhoneSimulator
		{5A51A5FD-EC5B-4C71-B15C-B83F805987CA}.Release|iPhoneSimulator.Build.0 = Release|iPhoneSimulator
		{5A51A5FD-EC5B-4C71-B15C-B83F805987CA}.Release|x64.ActiveCfg = Release|iPhone
		{5A51A5FD-EC5B-4C71-B15C-B83F805987CA}.Release|x86.ActiveCfg = Release|iPhone
		{320B8AE6-0249-48AC-A796-81D8642BAF8F}.Ad-Hoc|Any CPU.ActiveCfg = Release|x64
		{320B8AE6-0249-48AC-A796-81D8642BAF8F}.Ad-Hoc|Any CPU.Build.0 = Release|x64
		{320B8AE6-0249-48AC-A796-81D8642BAF8F}.Ad-Hoc|Any CPU.Deploy.0 = Release|x64
		{320B8AE6-0249-48AC-A796-81D8642BAF8F}.Ad-Hoc|ARM.ActiveCfg = Release|ARM
		{320B8AE6-0249-48AC-A796-81D8642BAF8F}.Ad-Hoc|ARM.Build.0 = Release|ARM
		{320B8AE6-0249-48AC-A796-81D8642BAF8F}.Ad-Hoc|ARM.Deploy.0 = Release|ARM
		{320B8AE6-0249-48AC-A796-81D8642BAF8F}.Ad-Hoc|iPhone.ActiveCfg = Release|x64
		{320B8AE6-0249-48AC-A796-81D8642BAF8F}.Ad-Hoc|iPhone.Build.0 = Release|x64
		{320B8AE6-0249-48AC-A796-81D8642BAF8F}.Ad-Hoc|iPhone.Deploy.0 = Release|x64
		{320B8AE6-0249-48AC-A796-81D8642BAF8F}.Ad-Hoc|iPhoneSimulator.ActiveCfg = Release|x64
		{320B8AE6-0249-48AC-A796-81D8642BAF8F}.Ad-Hoc|iPhoneSimulator.Build.0 = Release|x64
		{320B8AE6-0249-48AC-A796-81D8642BAF8F}.Ad-Hoc|iPhoneSimulator.Deploy.0 = Release|x64
		{320B8AE6-0249-48AC-A796-81D8642BAF8F}.Ad-Hoc|x64.ActiveCfg = Release|x64
		{320B8AE6-0249-48AC-A796-81D8642BAF8F}.Ad-Hoc|x64.Build.0 = Release|x64
		{320B8AE6-0249-48AC-A796-81D8642BAF8F}.Ad-Hoc|x64.Deploy.0 = Release|x64
		{320B8AE6-0249-48AC-A796-81D8642BAF8F}.Ad-Hoc|x86.ActiveCfg = Release|x86
		{320B8AE6-0249-48AC-A796-81D8642BAF8F}.Ad-Hoc|x86.Build.0 = Release|x86
		{320B8AE6-0249-48AC-A796-81D8642BAF8F}.Ad-Hoc|x86.Deploy.0 = Release|x86
		{320B8AE6-0249-48AC-A796-81D8642BAF8F}.AppStore|Any CPU.ActiveCfg = Release|x64
		{320B8AE6-0249-48AC-A796-81D8642BAF8F}.AppStore|Any CPU.Build.0 = Release|x64
		{320B8AE6-0249-48AC-A796-81D8642BAF8F}.AppStore|Any CPU.Deploy.0 = Release|x64
		{320B8AE6-0249-48AC-A796-81D8642BAF8F}.AppStore|ARM.ActiveCfg = Release|ARM
		{320B8AE6-0249-48AC-A796-81D8642BAF8F}.AppStore|ARM.Build.0 = Release|ARM
		{320B8AE6-0249-48AC-A796-81D8642BAF8F}.AppStore|ARM.Deploy.0 = Release|ARM
		{320B8AE6-0249-48AC-A796-81D8642BAF8F}.AppStore|iPhone.ActiveCfg = Release|x64
		{320B8AE6-0249-48AC-A796-81D8642BAF8F}.AppStore|iPhone.Build.0 = Release|x64
		{320B8AE6-0249-48AC-A796-81D8642BAF8F}.AppStore|iPhone.Deploy.0 = Release|x64
		{320B8AE6-0249-48AC-A796-81D8642BAF8F}.AppStore|iPhoneSimulator.ActiveCfg = Release|x64
		{320B8AE6-0249-48AC-A796-81D8642BAF8F}.AppStore|iPhoneSimulator.Build.0 = Release|x64
		{320B8AE6-0249-48AC-A796-81D8642BAF8F}.AppStore|iPhoneSimulator.Deploy.0 = Release|x64
		{320B8AE6-0249-48AC-A796-81D8642BAF8F}.AppStore|x64.ActiveCfg = Release|x64
		{320B8AE6-0249-48AC-A796-81D8642BAF8F}.AppStore|x64.Build.0 = Release|x64
		{320B8AE6-0249-48AC-A796-81D8642BAF8F}.AppStore|x64.Deploy.0 = Release|x64
		{320B8AE6-0249-48AC-A796-81D8642BAF8F}.AppStore|x86.ActiveCfg = Release|x86
		{320B8AE6-0249-48AC-A796-81D8642BAF8F}.AppStore|x86.Build.0 = Release|x86
		{320B8AE6-0249-48AC-A796-81D8642BAF8F}.AppStore|x86.Deploy.0 = Release|x86
		{320B8AE6-0249-48AC-A796-81D8642BAF8F}.Debug|Any CPU.ActiveCfg = Debug|x86
		{320B8AE6-0249-48AC-A796-81D8642BAF8F}.Debug|ARM.ActiveCfg = Debug|ARM
		{320B8AE6-0249-48AC-A796-81D8642BAF8F}.Debug|ARM.Build.0 = Debug|ARM
		{320B8AE6-0249-48AC-A796-81D8642BAF8F}.Debug|ARM.Deploy.0 = Debug|ARM
		{320B8AE6-0249-48AC-A796-81D8642BAF8F}.Debug|iPhone.ActiveCfg = Debug|x86
		{320B8AE6-0249-48AC-A796-81D8642BAF8F}.Debug|iPhoneSimulator.ActiveCfg = Debug|x86
		{320B8AE6-0249-48AC-A796-81D8642BAF8F}.Debug|x64.ActiveCfg = Debug|x64
		{320B8AE6-0249-48AC-A796-81D8642BAF8F}.Debug|x64.Build.0 = Debug|x64
		{320B8AE6-0249-48AC-A796-81D8642BAF8F}.Debug|x64.Deploy.0 = Debug|x64
		{320B8AE6-0249-48AC-A796-81D8642BAF8F}.Debug|x86.ActiveCfg = Debug|x86
		{320B8AE6-0249-48AC-A796-81D8642BAF8F}.Debug|x86.Build.0 = Debug|x86
		{320B8AE6-0249-48AC-A796-81D8642BAF8F}.Debug|x86.Deploy.0 = Debug|x86
		{320B8AE6-0249-48AC-A796-81D8642BAF8F}.Release|Any CPU.ActiveCfg = Release|x86
		{320B8AE6-0249-48AC-A796-81D8642BAF8F}.Release|ARM.ActiveCfg = Release|ARM
		{320B8AE6-0249-48AC-A796-81D8642BAF8F}.Release|ARM.Build.0 = Release|ARM
		{320B8AE6-0249-48AC-A796-81D8642BAF8F}.Release|ARM.Deploy.0 = Release|ARM
		{320B8AE6-0249-48AC-A796-81D8642BAF8F}.Release|iPhone.ActiveCfg = Release|x86
		{320B8AE6-0249-48AC-A796-81D8642BAF8F}.Release|iPhoneSimulator.ActiveCfg = Release|x86
		{320B8AE6-0249-48AC-A796-81D8642BAF8F}.Release|x64.ActiveCfg = Release|x64
		{320B8AE6-0249-48AC-A796-81D8642BAF8F}.Release|x64.Build.0 = Release|x64
		{320B8AE6-0249-48AC-A796-81D8642BAF8F}.Release|x64.Deploy.0 = Release|x64
		{320B8AE6-0249-48AC-A796-81D8642BAF8F}.Release|x86.ActiveCfg = Release|x86
		{320B8AE6-0249-48AC-A796-81D8642BAF8F}.Release|x86.Build.0 = Release|x86
		{320B8AE6-0249-48AC-A796-81D8642BAF8F}.Release|x86.Deploy.0 = Release|x86
		{804ECB3A-3ACC-40E4-B7B7-3D0E545808AF}.Ad-Hoc|Any CPU.ActiveCfg = Debug|Any CPU
		{804ECB3A-3ACC-40E4-B7B7-3D0E545808AF}.Ad-Hoc|Any CPU.Build.0 = Debug|Any CPU
		{804ECB3A-3ACC-40E4-B7B7-3D0E545808AF}.Ad-Hoc|ARM.ActiveCfg = Debug|Any CPU
		{804ECB3A-3ACC-40E4-B7B7-3D0E545808AF}.Ad-Hoc|ARM.Build.0 = Debug|Any CPU
		{804ECB3A-3ACC-40E4-B7B7-3D0E545808AF}.Ad-Hoc|iPhone.ActiveCfg = Debug|Any CPU
		{804ECB3A-3ACC-40E4-B7B7-3D0E545808AF}.Ad-Hoc|iPhone.Build.0 = Debug|Any CPU
		{804ECB3A-3ACC-40E4-B7B7-3D0E545808AF}.Ad-Hoc|iPhoneSimulator.ActiveCfg = Debug|Any CPU
		{804ECB3A-3ACC-40E4-B7B7-3D0E545808AF}.Ad-Hoc|iPhoneSimulator.Build.0 = Debug|Any CPU
		{804ECB3A-3ACC-40E4-B7B7-3D0E545808AF}.Ad-Hoc|x64.ActiveCfg = Debug|Any CPU
		{804ECB3A-3ACC-40E4-B7B7-3D0E545808AF}.Ad-Hoc|x64.Build.0 = Debug|Any CPU
		{804ECB3A-3ACC-40E4-B7B7-3D0E545808AF}.Ad-Hoc|x86.ActiveCfg = Debug|Any CPU
		{804ECB3A-3ACC-40E4-B7B7-3D0E545808AF}.Ad-Hoc|x86.Build.0 = Debug|Any CPU
		{804ECB3A-3ACC-40E4-B7B7-3D0E545808AF}.AppStore|Any CPU.ActiveCfg = Debug|Any CPU
		{804ECB3A-3ACC-40E4-B7B7-3D0E545808AF}.AppStore|Any CPU.Build.0 = Debug|Any CPU
		{804ECB3A-3ACC-40E4-B7B7-3D0E545808AF}.AppStore|ARM.ActiveCfg = Debug|Any CPU
		{804ECB3A-3ACC-40E4-B7B7-3D0E545808AF}.AppStore|ARM.Build.0 = Debug|Any CPU
		{804ECB3A-3ACC-40E4-B7B7-3D0E545808AF}.AppStore|iPhone.ActiveCfg = Debug|Any CPU
		{804ECB3A-3ACC-40E4-B7B7-3D0E545808AF}.AppStore|iPhone.Build.0 = Debug|Any CPU
		{804ECB3A-3ACC-40E4-B7B7-3D0E545808AF}.AppStore|iPhoneSimulator.ActiveCfg = Debug|Any CPU
		{804ECB3A-3ACC-40E4-B7B7-3D0E545808AF}.AppStore|iPhoneSimulator.Build.0 = Debug|Any CPU
		{804ECB3A-3ACC-40E4-B7B7-3D0E545808AF}.AppStore|x64.ActiveCfg = Debug|Any CPU
		{804ECB3A-3ACC-40E4-B7B7-3D0E545808AF}.AppStore|x64.Build.0 = Debug|Any CPU
		{804ECB3A-3ACC-40E4-B7B7-3D0E545808AF}.AppStore|x86.ActiveCfg = Debug|Any CPU
		{804ECB3A-3ACC-40E4-B7B7-3D0E545808AF}.AppStore|x86.Build.0 = Debug|Any CPU
		{804ECB3A-3ACC-40E4-B7B7-3D0E545808AF}.Debug|Any CPU.ActiveCfg = Debug|Any CPU
		{804ECB3A-3ACC-40E4-B7B7-3D0E545808AF}.Debug|Any CPU.Build.0 = Debug|Any CPU
		{804ECB3A-3ACC-40E4-B7B7-3D0E545808AF}.Debug|ARM.ActiveCfg = Debug|Any CPU
		{804ECB3A-3ACC-40E4-B7B7-3D0E545808AF}.Debug|ARM.Build.0 = Debug|Any CPU
		{804ECB3A-3ACC-40E4-B7B7-3D0E545808AF}.Debug|iPhone.ActiveCfg = Debug|Any CPU
		{804ECB3A-3ACC-40E4-B7B7-3D0E545808AF}.Debug|iPhone.Build.0 = Debug|Any CPU
		{804ECB3A-3ACC-40E4-B7B7-3D0E545808AF}.Debug|iPhoneSimulator.ActiveCfg = Debug|Any CPU
		{804ECB3A-3ACC-40E4-B7B7-3D0E545808AF}.Debug|iPhoneSimulator.Build.0 = Debug|Any CPU
		{804ECB3A-3ACC-40E4-B7B7-3D0E545808AF}.Debug|x64.ActiveCfg = Debug|Any CPU
		{804ECB3A-3ACC-40E4-B7B7-3D0E545808AF}.Debug|x64.Build.0 = Debug|Any CPU
		{804ECB3A-3ACC-40E4-B7B7-3D0E545808AF}.Debug|x86.ActiveCfg = Debug|Any CPU
		{804ECB3A-3ACC-40E4-B7B7-3D0E545808AF}.Debug|x86.Build.0 = Debug|Any CPU
		{804ECB3A-3ACC-40E4-B7B7-3D0E545808AF}.Release|Any CPU.ActiveCfg = Release|Any CPU
		{804ECB3A-3ACC-40E4-B7B7-3D0E545808AF}.Release|Any CPU.Build.0 = Release|Any CPU
		{804ECB3A-3ACC-40E4-B7B7-3D0E545808AF}.Release|ARM.ActiveCfg = Release|Any CPU
		{804ECB3A-3ACC-40E4-B7B7-3D0E545808AF}.Release|ARM.Build.0 = Release|Any CPU
		{804ECB3A-3ACC-40E4-B7B7-3D0E545808AF}.Release|iPhone.ActiveCfg = Release|Any CPU
		{804ECB3A-3ACC-40E4-B7B7-3D0E545808AF}.Release|iPhone.Build.0 = Release|Any CPU
		{804ECB3A-3ACC-40E4-B7B7-3D0E545808AF}.Release|iPhoneSimulator.ActiveCfg = Release|Any CPU
		{804ECB3A-3ACC-40E4-B7B7-3D0E545808AF}.Release|iPhoneSimulator.Build.0 = Release|Any CPU
		{804ECB3A-3ACC-40E4-B7B7-3D0E545808AF}.Release|x64.ActiveCfg = Release|Any CPU
		{804ECB3A-3ACC-40E4-B7B7-3D0E545808AF}.Release|x64.Build.0 = Release|Any CPU
		{804ECB3A-3ACC-40E4-B7B7-3D0E545808AF}.Release|x86.ActiveCfg = Release|Any CPU
		{804ECB3A-3ACC-40E4-B7B7-3D0E545808AF}.Release|x86.Build.0 = Release|Any CPU
		{54CC3DEA-D0F4-47FB-8E73-D1CA4468A183}.Ad-Hoc|Any CPU.ActiveCfg = Debug|Any CPU
		{54CC3DEA-D0F4-47FB-8E73-D1CA4468A183}.Ad-Hoc|Any CPU.Build.0 = Debug|Any CPU
		{54CC3DEA-D0F4-47FB-8E73-D1CA4468A183}.Ad-Hoc|ARM.ActiveCfg = Debug|Any CPU
		{54CC3DEA-D0F4-47FB-8E73-D1CA4468A183}.Ad-Hoc|ARM.Build.0 = Debug|Any CPU
		{54CC3DEA-D0F4-47FB-8E73-D1CA4468A183}.Ad-Hoc|iPhone.ActiveCfg = Debug|Any CPU
		{54CC3DEA-D0F4-47FB-8E73-D1CA4468A183}.Ad-Hoc|iPhone.Build.0 = Debug|Any CPU
		{54CC3DEA-D0F4-47FB-8E73-D1CA4468A183}.Ad-Hoc|iPhoneSimulator.ActiveCfg = Debug|Any CPU
		{54CC3DEA-D0F4-47FB-8E73-D1CA4468A183}.Ad-Hoc|iPhoneSimulator.Build.0 = Debug|Any CPU
		{54CC3DEA-D0F4-47FB-8E73-D1CA4468A183}.Ad-Hoc|x64.ActiveCfg = Debug|Any CPU
		{54CC3DEA-D0F4-47FB-8E73-D1CA4468A183}.Ad-Hoc|x64.Build.0 = Debug|Any CPU
		{54CC3DEA-D0F4-47FB-8E73-D1CA4468A183}.Ad-Hoc|x86.ActiveCfg = Debug|Any CPU
		{54CC3DEA-D0F4-47FB-8E73-D1CA4468A183}.Ad-Hoc|x86.Build.0 = Debug|Any CPU
		{54CC3DEA-D0F4-47FB-8E73-D1CA4468A183}.AppStore|Any CPU.ActiveCfg = Debug|Any CPU
		{54CC3DEA-D0F4-47FB-8E73-D1CA4468A183}.AppStore|Any CPU.Build.0 = Debug|Any CPU
		{54CC3DEA-D0F4-47FB-8E73-D1CA4468A183}.AppStore|ARM.ActiveCfg = Debug|Any CPU
		{54CC3DEA-D0F4-47FB-8E73-D1CA4468A183}.AppStore|ARM.Build.0 = Debug|Any CPU
		{54CC3DEA-D0F4-47FB-8E73-D1CA4468A183}.AppStore|iPhone.ActiveCfg = Debug|Any CPU
		{54CC3DEA-D0F4-47FB-8E73-D1CA4468A183}.AppStore|iPhone.Build.0 = Debug|Any CPU
		{54CC3DEA-D0F4-47FB-8E73-D1CA4468A183}.AppStore|iPhoneSimulator.ActiveCfg = Debug|Any CPU
		{54CC3DEA-D0F4-47FB-8E73-D1CA4468A183}.AppStore|iPhoneSimulator.Build.0 = Debug|Any CPU
		{54CC3DEA-D0F4-47FB-8E73-D1CA4468A183}.AppStore|x64.ActiveCfg = Debug|Any CPU
		{54CC3DEA-D0F4-47FB-8E73-D1CA4468A183}.AppStore|x64.Build.0 = Debug|Any CPU
		{54CC3DEA-D0F4-47FB-8E73-D1CA4468A183}.AppStore|x86.ActiveCfg = Debug|Any CPU
		{54CC3DEA-D0F4-47FB-8E73-D1CA4468A183}.AppStore|x86.Build.0 = Debug|Any CPU
		{54CC3DEA-D0F4-47FB-8E73-D1CA4468A183}.Debug|Any CPU.ActiveCfg = Debug|Any CPU
		{54CC3DEA-D0F4-47FB-8E73-D1CA4468A183}.Debug|Any CPU.Build.0 = Debug|Any CPU
		{54CC3DEA-D0F4-47FB-8E73-D1CA4468A183}.Debug|ARM.ActiveCfg = Debug|Any CPU
		{54CC3DEA-D0F4-47FB-8E73-D1CA4468A183}.Debug|ARM.Build.0 = Debug|Any CPU
		{54CC3DEA-D0F4-47FB-8E73-D1CA4468A183}.Debug|iPhone.ActiveCfg = Debug|Any CPU
		{54CC3DEA-D0F4-47FB-8E73-D1CA4468A183}.Debug|iPhone.Build.0 = Debug|Any CPU
		{54CC3DEA-D0F4-47FB-8E73-D1CA4468A183}.Debug|iPhoneSimulator.ActiveCfg = Debug|Any CPU
		{54CC3DEA-D0F4-47FB-8E73-D1CA4468A183}.Debug|iPhoneSimulator.Build.0 = Debug|Any CPU
		{54CC3DEA-D0F4-47FB-8E73-D1CA4468A183}.Debug|x64.ActiveCfg = Debug|Any CPU
		{54CC3DEA-D0F4-47FB-8E73-D1CA4468A183}.Debug|x64.Build.0 = Debug|Any CPU
		{54CC3DEA-D0F4-47FB-8E73-D1CA4468A183}.Debug|x86.ActiveCfg = Debug|Any CPU
		{54CC3DEA-D0F4-47FB-8E73-D1CA4468A183}.Debug|x86.Build.0 = Debug|Any CPU
		{54CC3DEA-D0F4-47FB-8E73-D1CA4468A183}.Release|Any CPU.ActiveCfg = Release|Any CPU
		{54CC3DEA-D0F4-47FB-8E73-D1CA4468A183}.Release|Any CPU.Build.0 = Release|Any CPU
		{54CC3DEA-D0F4-47FB-8E73-D1CA4468A183}.Release|ARM.ActiveCfg = Release|Any CPU
		{54CC3DEA-D0F4-47FB-8E73-D1CA4468A183}.Release|ARM.Build.0 = Release|Any CPU
		{54CC3DEA-D0F4-47FB-8E73-D1CA4468A183}.Release|iPhone.ActiveCfg = Release|Any CPU
		{54CC3DEA-D0F4-47FB-8E73-D1CA4468A183}.Release|iPhone.Build.0 = Release|Any CPU
		{54CC3DEA-D0F4-47FB-8E73-D1CA4468A183}.Release|iPhoneSimulator.ActiveCfg = Release|Any CPU
		{54CC3DEA-D0F4-47FB-8E73-D1CA4468A183}.Release|iPhoneSimulator.Build.0 = Release|Any CPU
		{54CC3DEA-D0F4-47FB-8E73-D1CA4468A183}.Release|x64.ActiveCfg = Release|Any CPU
		{54CC3DEA-D0F4-47FB-8E73-D1CA4468A183}.Release|x64.Build.0 = Release|Any CPU
		{54CC3DEA-D0F4-47FB-8E73-D1CA4468A183}.Release|x86.ActiveCfg = Release|Any CPU
		{54CC3DEA-D0F4-47FB-8E73-D1CA4468A183}.Release|x86.Build.0 = Release|Any CPU
		{ECB17859-8634-44A4-86E8-2541234A1D05}.Ad-Hoc|Any CPU.ActiveCfg = Debug|Any CPU
		{ECB17859-8634-44A4-86E8-2541234A1D05}.Ad-Hoc|Any CPU.Build.0 = Debug|Any CPU
		{ECB17859-8634-44A4-86E8-2541234A1D05}.Ad-Hoc|ARM.ActiveCfg = Debug|Any CPU
		{ECB17859-8634-44A4-86E8-2541234A1D05}.Ad-Hoc|ARM.Build.0 = Debug|Any CPU
		{ECB17859-8634-44A4-86E8-2541234A1D05}.Ad-Hoc|iPhone.ActiveCfg = Debug|Any CPU
		{ECB17859-8634-44A4-86E8-2541234A1D05}.Ad-Hoc|iPhone.Build.0 = Debug|Any CPU
		{ECB17859-8634-44A4-86E8-2541234A1D05}.Ad-Hoc|iPhoneSimulator.ActiveCfg = Debug|Any CPU
		{ECB17859-8634-44A4-86E8-2541234A1D05}.Ad-Hoc|iPhoneSimulator.Build.0 = Debug|Any CPU
		{ECB17859-8634-44A4-86E8-2541234A1D05}.Ad-Hoc|x64.ActiveCfg = Debug|Any CPU
		{ECB17859-8634-44A4-86E8-2541234A1D05}.Ad-Hoc|x64.Build.0 = Debug|Any CPU
		{ECB17859-8634-44A4-86E8-2541234A1D05}.Ad-Hoc|x86.ActiveCfg = Debug|Any CPU
		{ECB17859-8634-44A4-86E8-2541234A1D05}.Ad-Hoc|x86.Build.0 = Debug|Any CPU
		{ECB17859-8634-44A4-86E8-2541234A1D05}.AppStore|Any CPU.ActiveCfg = Debug|Any CPU
		{ECB17859-8634-44A4-86E8-2541234A1D05}.AppStore|Any CPU.Build.0 = Debug|Any CPU
		{ECB17859-8634-44A4-86E8-2541234A1D05}.AppStore|ARM.ActiveCfg = Debug|Any CPU
		{ECB17859-8634-44A4-86E8-2541234A1D05}.AppStore|ARM.Build.0 = Debug|Any CPU
		{ECB17859-8634-44A4-86E8-2541234A1D05}.AppStore|iPhone.ActiveCfg = Debug|Any CPU
		{ECB17859-8634-44A4-86E8-2541234A1D05}.AppStore|iPhone.Build.0 = Debug|Any CPU
		{ECB17859-8634-44A4-86E8-2541234A1D05}.AppStore|iPhoneSimulator.ActiveCfg = Debug|Any CPU
		{ECB17859-8634-44A4-86E8-2541234A1D05}.AppStore|iPhoneSimulator.Build.0 = Debug|Any CPU
		{ECB17859-8634-44A4-86E8-2541234A1D05}.AppStore|x64.ActiveCfg = Debug|Any CPU
		{ECB17859-8634-44A4-86E8-2541234A1D05}.AppStore|x64.Build.0 = Debug|Any CPU
		{ECB17859-8634-44A4-86E8-2541234A1D05}.AppStore|x86.ActiveCfg = Debug|Any CPU
		{ECB17859-8634-44A4-86E8-2541234A1D05}.AppStore|x86.Build.0 = Debug|Any CPU
		{ECB17859-8634-44A4-86E8-2541234A1D05}.Debug|Any CPU.ActiveCfg = Debug|Any CPU
		{ECB17859-8634-44A4-86E8-2541234A1D05}.Debug|Any CPU.Build.0 = Debug|Any CPU
		{ECB17859-8634-44A4-86E8-2541234A1D05}.Debug|ARM.ActiveCfg = Debug|Any CPU
		{ECB17859-8634-44A4-86E8-2541234A1D05}.Debug|ARM.Build.0 = Debug|Any CPU
		{ECB17859-8634-44A4-86E8-2541234A1D05}.Debug|iPhone.ActiveCfg = Debug|Any CPU
		{ECB17859-8634-44A4-86E8-2541234A1D05}.Debug|iPhone.Build.0 = Debug|Any CPU
		{ECB17859-8634-44A4-86E8-2541234A1D05}.Debug|iPhoneSimulator.ActiveCfg = Debug|Any CPU
		{ECB17859-8634-44A4-86E8-2541234A1D05}.Debug|iPhoneSimulator.Build.0 = Debug|Any CPU
		{ECB17859-8634-44A4-86E8-2541234A1D05}.Debug|x64.ActiveCfg = Debug|Any CPU
		{ECB17859-8634-44A4-86E8-2541234A1D05}.Debug|x64.Build.0 = Debug|Any CPU
		{ECB17859-8634-44A4-86E8-2541234A1D05}.Debug|x86.ActiveCfg = Debug|Any CPU
		{ECB17859-8634-44A4-86E8-2541234A1D05}.Debug|x86.Build.0 = Debug|Any CPU
		{ECB17859-8634-44A4-86E8-2541234A1D05}.Release|Any CPU.ActiveCfg = Release|Any CPU
		{ECB17859-8634-44A4-86E8-2541234A1D05}.Release|Any CPU.Build.0 = Release|Any CPU
		{ECB17859-8634-44A4-86E8-2541234A1D05}.Release|ARM.ActiveCfg = Release|Any CPU
		{ECB17859-8634-44A4-86E8-2541234A1D05}.Release|ARM.Build.0 = Release|Any CPU
		{ECB17859-8634-44A4-86E8-2541234A1D05}.Release|iPhone.ActiveCfg = Release|Any CPU
		{ECB17859-8634-44A4-86E8-2541234A1D05}.Release|iPhone.Build.0 = Release|Any CPU
		{ECB17859-8634-44A4-86E8-2541234A1D05}.Release|iPhoneSimulator.ActiveCfg = Release|Any CPU
		{ECB17859-8634-44A4-86E8-2541234A1D05}.Release|iPhoneSimulator.Build.0 = Release|Any CPU
		{ECB17859-8634-44A4-86E8-2541234A1D05}.Release|x64.ActiveCfg = Release|Any CPU
		{ECB17859-8634-44A4-86E8-2541234A1D05}.Release|x64.Build.0 = Release|Any CPU
		{ECB17859-8634-44A4-86E8-2541234A1D05}.Release|x86.ActiveCfg = Release|Any CPU
		{ECB17859-8634-44A4-86E8-2541234A1D05}.Release|x86.Build.0 = Release|Any CPU
	EndGlobalSection
	GlobalSection(SolutionProperties) = preSolution
		HideSolutionNode = FALSE
	EndGlobalSection
	GlobalSection(ExtensibilityGlobals) = postSolution
		SolutionGuid = {7F327A80-2FA4-43DA-AFF7-CBE994376B7F}
	EndGlobalSection
EndGlobal
