
Microsoft Visual Studio Solution File, Format Version 12.00
# Visual Studio Version 16
VisualStudioVersion = 16.0.29519.87
MinimumVisualStudioVersion = 10.0.40219.1
Project("{D954291E-2A0B-460D-934E-DC6B0785DB48}") = "ToDo.Shared", "ToDo\ToDo.Shared\ToDo.Shared.shproj", "{6279C845-92F8-4333-AB99-3D213163593C}"
EndProject
Project("{FAE04EC0-301F-11D3-BF4B-00C04F79EFBC}") = "ToDo.Droid", "ToDo\ToDo.Droid\ToDo.Droid.csproj", "{2CB31828-2CD3-4CFC-88A9-57917477D85D}"
EndProject
Project("{FAE04EC0-301F-11D3-BF4B-00C04F79EFBC}") = "ToDo.UWP", "ToDo\ToDo.UWP\ToDo.UWP.csproj", "{320B8AE6-0249-48AC-A796-81D8642BAF8F}"
EndProject
Project("{9A19103F-16F7-4668-BE54-9A1E7A4F7556}") = "ToDo.Wasm", "ToDo\ToDo.Wasm\ToDo.Wasm.csproj", "{804ECB3A-3ACC-40E4-B7B7-3D0E545808AF}"
EndProject
Project("{9A19103F-16F7-4668-BE54-9A1E7A4F7556}") = "ToDo.Models", "ToDo.Models\ToDo.Models.csproj", "{54CC3DEA-D0F4-47FB-8E73-D1CA4468A183}"
EndProject
Project("{9A19103F-16F7-4668-BE54-9A1E7A4F7556}") = "ToDo.ViewModels", "ToDo.ViewModels\ToDo.ViewModels.csproj", "{ECB17859-8634-44A4-86E8-2541234A1D05}"
EndProject
Project("{2150E333-8FDC-42A3-9474-1A3956D46DE8}") = "Solution Items", "Solution Items", "{53B2C3A3-793C-45EA-AC20-8C6804E38AFE}"
	ProjectSection(SolutionItems) = preProject
		.editorconfig = .editorconfig
		.gitattributes = .gitattributes
		.gitignore = .gitignore
		Directory.Build.props = Directory.Build.props
		Directory.Build.targets = Directory.Build.targets
		global.json = global.json
		nuget.config = nuget.config
		Packages.props = Packages.props
	EndProjectSection
EndProject
Project("{2150E333-8FDC-42A3-9474-1A3956D46DE8}") = "MSBuild", "MSBuild", "{D62411C3-03D8-4768-B8F4-0743DCAAAB10}"
	ProjectSection(SolutionItems) = preProject
		MSBuild\Defaults.props = MSBuild\Defaults.props
		MSBuild\Defaults.targets = MSBuild\Defaults.targets
		MSBuild\Paths.props = MSBuild\Paths.props
	EndProjectSection
EndProject
Global
	GlobalSection(SharedMSBuildProjectFiles) = preSolution
		ToDo\ToDo.Shared\ToDo.Shared.projitems*{2cb31828-2cd3-4cfc-88a9-57917477d85d}*SharedItemsImports = 4
		ToDo\ToDo.Shared\ToDo.Shared.projitems*{320b8ae6-0249-48ac-a796-81d8642baf8f}*SharedItemsImports = 4
		ToDo\ToDo.Shared\ToDo.Shared.projitems*{6279c845-92f8-4333-ab99-3d213163593c}*SharedItemsImports = 13
		ToDo\ToDo.Shared\ToDo.Shared.projitems*{804ecb3a-3acc-40e4-b7b7-3d0e545808af}*SharedItemsImports = 5
	EndGlobalSection
	GlobalSection(SolutionConfigurationPlatforms) = preSolution
		Ad-Hoc|Any CPU = Ad-Hoc|Any CPU
		Ad-Hoc|ARM = Ad-Hoc|ARM
		Ad-Hoc|x64 = Ad-Hoc|x64
		Ad-Hoc|x86 = Ad-Hoc|x86
		AppStore|Any CPU = AppStore|Any CPU
		AppStore|ARM = AppStore|ARM
		AppStore|x64 = AppStore|x64
		AppStore|x86 = AppStore|x86
		Debug|Any CPU = Debug|Any CPU
		Debug|ARM = Debug|ARM
		Debug|x64 = Debug|x64
		Debug|x86 = Debug|x86
		Release|Any CPU = Release|Any CPU
		Release|ARM = Release|ARM
		Release|x64 = Release|x64
		Release|x86 = Release|x86
	EndGlobalSection
	GlobalSection(ProjectConfigurationPlatforms) = postSolution
		{2CB31828-2CD3-4CFC-88A9-57917477D85D}.Ad-Hoc|Any CPU.ActiveCfg = Release|Any CPU
		{2CB31828-2CD3-4CFC-88A9-57917477D85D}.Ad-Hoc|Any CPU.Build.0 = Release|Any CPU
		{2CB31828-2CD3-4CFC-88A9-57917477D85D}.Ad-Hoc|Any CPU.Deploy.0 = Release|Any CPU
		{2CB31828-2CD3-4CFC-88A9-57917477D85D}.Ad-Hoc|ARM.ActiveCfg = Release|Any CPU
		{2CB31828-2CD3-4CFC-88A9-57917477D85D}.Ad-Hoc|ARM.Build.0 = Release|Any CPU
		{2CB31828-2CD3-4CFC-88A9-57917477D85D}.Ad-Hoc|ARM.Deploy.0 = Release|Any CPU
		{2CB31828-2CD3-4CFC-88A9-57917477D85D}.Ad-Hoc|x64.ActiveCfg = Release|Any CPU
		{2CB31828-2CD3-4CFC-88A9-57917477D85D}.Ad-Hoc|x64.Build.0 = Release|Any CPU
		{2CB31828-2CD3-4CFC-88A9-57917477D85D}.Ad-Hoc|x64.Deploy.0 = Release|Any CPU
		{2CB31828-2CD3-4CFC-88A9-57917477D85D}.Ad-Hoc|x86.ActiveCfg = Release|Any CPU
		{2CB31828-2CD3-4CFC-88A9-57917477D85D}.Ad-Hoc|x86.Build.0 = Release|Any CPU
		{2CB31828-2CD3-4CFC-88A9-57917477D85D}.Ad-Hoc|x86.Deploy.0 = Release|Any CPU
		{2CB31828-2CD3-4CFC-88A9-57917477D85D}.AppStore|Any CPU.ActiveCfg = Release|Any CPU
		{2CB31828-2CD3-4CFC-88A9-57917477D85D}.AppStore|Any CPU.Build.0 = Release|Any CPU
		{2CB31828-2CD3-4CFC-88A9-57917477D85D}.AppStore|Any CPU.Deploy.0 = Release|Any CPU
		{2CB31828-2CD3-4CFC-88A9-57917477D85D}.AppStore|ARM.ActiveCfg = Release|Any CPU
		{2CB31828-2CD3-4CFC-88A9-57917477D85D}.AppStore|ARM.Build.0 = Release|Any CPU
		{2CB31828-2CD3-4CFC-88A9-57917477D85D}.AppStore|ARM.Deploy.0 = Release|Any CPU
		{2CB31828-2CD3-4CFC-88A9-57917477D85D}.AppStore|x64.ActiveCfg = Release|Any CPU
		{2CB31828-2CD3-4CFC-88A9-57917477D85D}.AppStore|x64.Build.0 = Release|Any CPU
		{2CB31828-2CD3-4CFC-88A9-57917477D85D}.AppStore|x64.Deploy.0 = Release|Any CPU
		{2CB31828-2CD3-4CFC-88A9-57917477D85D}.AppStore|x86.ActiveCfg = Release|Any CPU
		{2CB31828-2CD3-4CFC-88A9-57917477D85D}.AppStore|x86.Build.0 = Release|Any CPU
		{2CB31828-2CD3-4CFC-88A9-57917477D85D}.AppStore|x86.Deploy.0 = Release|Any CPU
		{2CB31828-2CD3-4CFC-88A9-57917477D85D}.Debug|Any CPU.ActiveCfg = Debug|Any CPU
		{2CB31828-2CD3-4CFC-88A9-57917477D85D}.Debug|Any CPU.Build.0 = Debug|Any CPU
		{2CB31828-2CD3-4CFC-88A9-57917477D85D}.Debug|Any CPU.Deploy.0 = Debug|Any CPU
		{2CB31828-2CD3-4CFC-88A9-57917477D85D}.Debug|ARM.ActiveCfg = Debug|Any CPU
		{2CB31828-2CD3-4CFC-88A9-57917477D85D}.Debug|ARM.Build.0 = Debug|Any CPU
		{2CB31828-2CD3-4CFC-88A9-57917477D85D}.Debug|ARM.Deploy.0 = Debug|Any CPU
		{2CB31828-2CD3-4CFC-88A9-57917477D85D}.Debug|x64.ActiveCfg = Debug|Any CPU
		{2CB31828-2CD3-4CFC-88A9-57917477D85D}.Debug|x64.Build.0 = Debug|Any CPU
		{2CB31828-2CD3-4CFC-88A9-57917477D85D}.Debug|x64.Deploy.0 = Debug|Any CPU
		{2CB31828-2CD3-4CFC-88A9-57917477D85D}.Debug|x86.ActiveCfg = Debug|Any CPU
		{2CB31828-2CD3-4CFC-88A9-57917477D85D}.Debug|x86.Build.0 = Debug|Any CPU
		{2CB31828-2CD3-4CFC-88A9-57917477D85D}.Debug|x86.Deploy.0 = Debug|Any CPU
		{2CB31828-2CD3-4CFC-88A9-57917477D85D}.Release|Any CPU.ActiveCfg = Release|Any CPU
		{2CB31828-2CD3-4CFC-88A9-57917477D85D}.Release|Any CPU.Build.0 = Release|Any CPU
		{2CB31828-2CD3-4CFC-88A9-57917477D85D}.Release|Any CPU.Deploy.0 = Release|Any CPU
		{2CB31828-2CD3-4CFC-88A9-57917477D85D}.Release|ARM.ActiveCfg = Release|Any CPU
		{2CB31828-2CD3-4CFC-88A9-57917477D85D}.Release|ARM.Build.0 = Release|Any CPU
		{2CB31828-2CD3-4CFC-88A9-57917477D85D}.Release|ARM.Deploy.0 = Release|Any CPU
		{2CB31828-2CD3-4CFC-88A9-57917477D85D}.Release|x64.ActiveCfg = Release|Any CPU
		{2CB31828-2CD3-4CFC-88A9-57917477D85D}.Release|x64.Build.0 = Release|Any CPU
		{2CB31828-2CD3-4CFC-88A9-57917477D85D}.Release|x64.Deploy.0 = Release|Any CPU
		{2CB31828-2CD3-4CFC-88A9-57917477D85D}.Release|x86.ActiveCfg = Release|Any CPU
		{2CB31828-2CD3-4CFC-88A9-57917477D85D}.Release|x86.Build.0 = Release|Any CPU
		{2CB31828-2CD3-4CFC-88A9-57917477D85D}.Release|x86.Deploy.0 = Release|Any CPU
		{320B8AE6-0249-48AC-A796-81D8642BAF8F}.Ad-Hoc|Any CPU.ActiveCfg = Release|x64
		{320B8AE6-0249-48AC-A796-81D8642BAF8F}.Ad-Hoc|Any CPU.Build.0 = Release|x64
		{320B8AE6-0249-48AC-A796-81D8642BAF8F}.Ad-Hoc|Any CPU.Deploy.0 = Release|x64
		{320B8AE6-0249-48AC-A796-81D8642BAF8F}.Ad-Hoc|ARM.ActiveCfg = Release|ARM
		{320B8AE6-0249-48AC-A796-81D8642BAF8F}.Ad-Hoc|ARM.Build.0 = Release|ARM
		{320B8AE6-0249-48AC-A796-81D8642BAF8F}.Ad-Hoc|ARM.Deploy.0 = Release|ARM
		{320B8AE6-0249-48AC-A796-81D8642BAF8F}.Ad-Hoc|x64.ActiveCfg = Release|x64
		{320B8AE6-0249-48AC-A796-81D8642BAF8F}.Ad-Hoc|x64.Build.0 = Release|x64
		{320B8AE6-0249-48AC-A796-81D8642BAF8F}.Ad-Hoc|x64.Deploy.0 = Release|x64
		{320B8AE6-0249-48AC-A796-81D8642BAF8F}.Ad-Hoc|x86.ActiveCfg = Release|x86
		{320B8AE6-0249-48AC-A796-81D8642BAF8F}.Ad-Hoc|x86.Build.0 = Release|x86
		{320B8AE6-0249-48AC-A796-81D8642BAF8F}.Ad-Hoc|x86.Deploy.0 = Release|x86
		{320B8AE6-0249-48AC-A796-81D8642BAF8F}.AppStore|Any CPU.ActiveCfg = Release|x64
		{320B8AE6-0249-48AC-A796-81D8642BAF8F}.AppStore|Any CPU.Build.0 = Release|x64
		{320B8AE6-0249-48AC-A796-81D8642BAF8F}.AppStore|Any CPU.Deploy.0 = Release|x64
		{320B8AE6-0249-48AC-A796-81D8642BAF8F}.AppStore|ARM.ActiveCfg = Release|ARM
		{320B8AE6-0249-48AC-A796-81D8642BAF8F}.AppStore|ARM.Build.0 = Release|ARM
		{320B8AE6-0249-48AC-A796-81D8642BAF8F}.AppStore|ARM.Deploy.0 = Release|ARM
		{320B8AE6-0249-48AC-A796-81D8642BAF8F}.AppStore|x64.ActiveCfg = Release|x64
		{320B8AE6-0249-48AC-A796-81D8642BAF8F}.AppStore|x64.Build.0 = Release|x64
		{320B8AE6-0249-48AC-A796-81D8642BAF8F}.AppStore|x64.Deploy.0 = Release|x64
		{320B8AE6-0249-48AC-A796-81D8642BAF8F}.AppStore|x86.ActiveCfg = Release|x86
		{320B8AE6-0249-48AC-A796-81D8642BAF8F}.AppStore|x86.Build.0 = Release|x86
		{320B8AE6-0249-48AC-A796-81D8642BAF8F}.AppStore|x86.Deploy.0 = Release|x86
		{320B8AE6-0249-48AC-A796-81D8642BAF8F}.Debug|Any CPU.ActiveCfg = Debug|x86
		{320B8AE6-0249-48AC-A796-81D8642BAF8F}.Debug|ARM.ActiveCfg = Debug|ARM
		{320B8AE6-0249-48AC-A796-81D8642BAF8F}.Debug|ARM.Build.0 = Debug|ARM
		{320B8AE6-0249-48AC-A796-81D8642BAF8F}.Debug|ARM.Deploy.0 = Debug|ARM
		{320B8AE6-0249-48AC-A796-81D8642BAF8F}.Debug|x64.ActiveCfg = Debug|x64
		{320B8AE6-0249-48AC-A796-81D8642BAF8F}.Debug|x64.Build.0 = Debug|x64
		{320B8AE6-0249-48AC-A796-81D8642BAF8F}.Debug|x64.Deploy.0 = Debug|x64
		{320B8AE6-0249-48AC-A796-81D8642BAF8F}.Debug|x86.ActiveCfg = Debug|x86
		{320B8AE6-0249-48AC-A796-81D8642BAF8F}.Debug|x86.Build.0 = Debug|x86
		{320B8AE6-0249-48AC-A796-81D8642BAF8F}.Debug|x86.Deploy.0 = Debug|x86
		{320B8AE6-0249-48AC-A796-81D8642BAF8F}.Release|Any CPU.ActiveCfg = Release|x86
		{320B8AE6-0249-48AC-A796-81D8642BAF8F}.Release|ARM.ActiveCfg = Release|ARM
		{320B8AE6-0249-48AC-A796-81D8642BAF8F}.Release|ARM.Build.0 = Release|ARM
		{320B8AE6-0249-48AC-A796-81D8642BAF8F}.Release|ARM.Deploy.0 = Release|ARM
		{320B8AE6-0249-48AC-A796-81D8642BAF8F}.Release|x64.ActiveCfg = Release|x64
		{320B8AE6-0249-48AC-A796-81D8642BAF8F}.Release|x64.Build.0 = Release|x64
		{320B8AE6-0249-48AC-A796-81D8642BAF8F}.Release|x64.Deploy.0 = Release|x64
		{320B8AE6-0249-48AC-A796-81D8642BAF8F}.Release|x86.ActiveCfg = Release|x86
		{320B8AE6-0249-48AC-A796-81D8642BAF8F}.Release|x86.Build.0 = Release|x86
		{320B8AE6-0249-48AC-A796-81D8642BAF8F}.Release|x86.Deploy.0 = Release|x86
		{804ECB3A-3ACC-40E4-B7B7-3D0E545808AF}.Ad-Hoc|Any CPU.ActiveCfg = Debug|Any CPU
		{804ECB3A-3ACC-40E4-B7B7-3D0E545808AF}.Ad-Hoc|Any CPU.Build.0 = Debug|Any CPU
		{804ECB3A-3ACC-40E4-B7B7-3D0E545808AF}.Ad-Hoc|ARM.ActiveCfg = Debug|Any CPU
		{804ECB3A-3ACC-40E4-B7B7-3D0E545808AF}.Ad-Hoc|ARM.Build.0 = Debug|Any CPU
		{804ECB3A-3ACC-40E4-B7B7-3D0E545808AF}.Ad-Hoc|x64.ActiveCfg = Debug|Any CPU
		{804ECB3A-3ACC-40E4-B7B7-3D0E545808AF}.Ad-Hoc|x64.Build.0 = Debug|Any CPU
		{804ECB3A-3ACC-40E4-B7B7-3D0E545808AF}.Ad-Hoc|x86.ActiveCfg = Debug|Any CPU
		{804ECB3A-3ACC-40E4-B7B7-3D0E545808AF}.Ad-Hoc|x86.Build.0 = Debug|Any CPU
		{804ECB3A-3ACC-40E4-B7B7-3D0E545808AF}.AppStore|Any CPU.ActiveCfg = Debug|Any CPU
		{804ECB3A-3ACC-40E4-B7B7-3D0E545808AF}.AppStore|Any CPU.Build.0 = Debug|Any CPU
		{804ECB3A-3ACC-40E4-B7B7-3D0E545808AF}.AppStore|ARM.ActiveCfg = Debug|Any CPU
		{804ECB3A-3ACC-40E4-B7B7-3D0E545808AF}.AppStore|ARM.Build.0 = Debug|Any CPU
		{804ECB3A-3ACC-40E4-B7B7-3D0E545808AF}.AppStore|x64.ActiveCfg = Debug|Any CPU
		{804ECB3A-3ACC-40E4-B7B7-3D0E545808AF}.AppStore|x64.Build.0 = Debug|Any CPU
		{804ECB3A-3ACC-40E4-B7B7-3D0E545808AF}.AppStore|x86.ActiveCfg = Debug|Any CPU
		{804ECB3A-3ACC-40E4-B7B7-3D0E545808AF}.AppStore|x86.Build.0 = Debug|Any CPU
		{804ECB3A-3ACC-40E4-B7B7-3D0E545808AF}.Debug|Any CPU.ActiveCfg = Debug|Any CPU
		{804ECB3A-3ACC-40E4-B7B7-3D0E545808AF}.Debug|Any CPU.Build.0 = Debug|Any CPU
		{804ECB3A-3ACC-40E4-B7B7-3D0E545808AF}.Debug|ARM.ActiveCfg = Debug|Any CPU
		{804ECB3A-3ACC-40E4-B7B7-3D0E545808AF}.Debug|ARM.Build.0 = Debug|Any CPU
		{804ECB3A-3ACC-40E4-B7B7-3D0E545808AF}.Debug|x64.ActiveCfg = Debug|Any CPU
		{804ECB3A-3ACC-40E4-B7B7-3D0E545808AF}.Debug|x64.Build.0 = Debug|Any CPU
		{804ECB3A-3ACC-40E4-B7B7-3D0E545808AF}.Debug|x86.ActiveCfg = Debug|Any CPU
		{804ECB3A-3ACC-40E4-B7B7-3D0E545808AF}.Debug|x86.Build.0 = Debug|Any CPU
		{804ECB3A-3ACC-40E4-B7B7-3D0E545808AF}.Release|Any CPU.ActiveCfg = Release|Any CPU
		{804ECB3A-3ACC-40E4-B7B7-3D0E545808AF}.Release|Any CPU.Build.0 = Release|Any CPU
		{804ECB3A-3ACC-40E4-B7B7-3D0E545808AF}.Release|ARM.ActiveCfg = Release|Any CPU
		{804ECB3A-3ACC-40E4-B7B7-3D0E545808AF}.Release|ARM.Build.0 = Release|Any CPU
		{804ECB3A-3ACC-40E4-B7B7-3D0E545808AF}.Release|x64.ActiveCfg = Release|Any CPU
		{804ECB3A-3ACC-40E4-B7B7-3D0E545808AF}.Release|x64.Build.0 = Release|Any CPU
		{804ECB3A-3ACC-40E4-B7B7-3D0E545808AF}.Release|x86.ActiveCfg = Release|Any CPU
		{804ECB3A-3ACC-40E4-B7B7-3D0E545808AF}.Release|x86.Build.0 = Release|Any CPU
		{54CC3DEA-D0F4-47FB-8E73-D1CA4468A183}.Ad-Hoc|Any CPU.ActiveCfg = Debug|Any CPU
		{54CC3DEA-D0F4-47FB-8E73-D1CA4468A183}.Ad-Hoc|Any CPU.Build.0 = Debug|Any CPU
		{54CC3DEA-D0F4-47FB-8E73-D1CA4468A183}.Ad-Hoc|ARM.ActiveCfg = Debug|Any CPU
		{54CC3DEA-D0F4-47FB-8E73-D1CA4468A183}.Ad-Hoc|ARM.Build.0 = Debug|Any CPU
		{54CC3DEA-D0F4-47FB-8E73-D1CA4468A183}.Ad-Hoc|x64.ActiveCfg = Debug|Any CPU
		{54CC3DEA-D0F4-47FB-8E73-D1CA4468A183}.Ad-Hoc|x64.Build.0 = Debug|Any CPU
		{54CC3DEA-D0F4-47FB-8E73-D1CA4468A183}.Ad-Hoc|x86.ActiveCfg = Debug|Any CPU
		{54CC3DEA-D0F4-47FB-8E73-D1CA4468A183}.Ad-Hoc|x86.Build.0 = Debug|Any CPU
		{54CC3DEA-D0F4-47FB-8E73-D1CA4468A183}.AppStore|Any CPU.ActiveCfg = Debug|Any CPU
		{54CC3DEA-D0F4-47FB-8E73-D1CA4468A183}.AppStore|Any CPU.Build.0 = Debug|Any CPU
		{54CC3DEA-D0F4-47FB-8E73-D1CA4468A183}.AppStore|ARM.ActiveCfg = Debug|Any CPU
		{54CC3DEA-D0F4-47FB-8E73-D1CA4468A183}.AppStore|ARM.Build.0 = Debug|Any CPU
		{54CC3DEA-D0F4-47FB-8E73-D1CA4468A183}.AppStore|x64.ActiveCfg = Debug|Any CPU
		{54CC3DEA-D0F4-47FB-8E73-D1CA4468A183}.AppStore|x64.Build.0 = Debug|Any CPU
		{54CC3DEA-D0F4-47FB-8E73-D1CA4468A183}.AppStore|x86.ActiveCfg = Debug|Any CPU
		{54CC3DEA-D0F4-47FB-8E73-D1CA4468A183}.AppStore|x86.Build.0 = Debug|Any CPU
		{54CC3DEA-D0F4-47FB-8E73-D1CA4468A183}.Debug|Any CPU.ActiveCfg = Debug|Any CPU
		{54CC3DEA-D0F4-47FB-8E73-D1CA4468A183}.Debug|Any CPU.Build.0 = Debug|Any CPU
		{54CC3DEA-D0F4-47FB-8E73-D1CA4468A183}.Debug|ARM.ActiveCfg = Debug|Any CPU
		{54CC3DEA-D0F4-47FB-8E73-D1CA4468A183}.Debug|ARM.Build.0 = Debug|Any CPU
		{54CC3DEA-D0F4-47FB-8E73-D1CA4468A183}.Debug|x64.ActiveCfg = Debug|Any CPU
		{54CC3DEA-D0F4-47FB-8E73-D1CA4468A183}.Debug|x64.Build.0 = Debug|Any CPU
		{54CC3DEA-D0F4-47FB-8E73-D1CA4468A183}.Debug|x86.ActiveCfg = Debug|Any CPU
		{54CC3DEA-D0F4-47FB-8E73-D1CA4468A183}.Debug|x86.Build.0 = Debug|Any CPU
		{54CC3DEA-D0F4-47FB-8E73-D1CA4468A183}.Release|Any CPU.ActiveCfg = Release|Any CPU
		{54CC3DEA-D0F4-47FB-8E73-D1CA4468A183}.Release|Any CPU.Build.0 = Release|Any CPU
		{54CC3DEA-D0F4-47FB-8E73-D1CA4468A183}.Release|ARM.ActiveCfg = Release|Any CPU
		{54CC3DEA-D0F4-47FB-8E73-D1CA4468A183}.Release|ARM.Build.0 = Release|Any CPU
		{54CC3DEA-D0F4-47FB-8E73-D1CA4468A183}.Release|x64.ActiveCfg = Release|Any CPU
		{54CC3DEA-D0F4-47FB-8E73-D1CA4468A183}.Release|x64.Build.0 = Release|Any CPU
		{54CC3DEA-D0F4-47FB-8E73-D1CA4468A183}.Release|x86.ActiveCfg = Release|Any CPU
		{54CC3DEA-D0F4-47FB-8E73-D1CA4468A183}.Release|x86.Build.0 = Release|Any CPU
		{ECB17859-8634-44A4-86E8-2541234A1D05}.Ad-Hoc|Any CPU.ActiveCfg = Debug|Any CPU
		{ECB17859-8634-44A4-86E8-2541234A1D05}.Ad-Hoc|Any CPU.Build.0 = Debug|Any CPU
		{ECB17859-8634-44A4-86E8-2541234A1D05}.Ad-Hoc|ARM.ActiveCfg = Debug|Any CPU
		{ECB17859-8634-44A4-86E8-2541234A1D05}.Ad-Hoc|ARM.Build.0 = Debug|Any CPU
		{ECB17859-8634-44A4-86E8-2541234A1D05}.Ad-Hoc|x64.ActiveCfg = Debug|Any CPU
		{ECB17859-8634-44A4-86E8-2541234A1D05}.Ad-Hoc|x64.Build.0 = Debug|Any CPU
		{ECB17859-8634-44A4-86E8-2541234A1D05}.Ad-Hoc|x86.ActiveCfg = Debug|Any CPU
		{ECB17859-8634-44A4-86E8-2541234A1D05}.Ad-Hoc|x86.Build.0 = Debug|Any CPU
		{ECB17859-8634-44A4-86E8-2541234A1D05}.AppStore|Any CPU.ActiveCfg = Debug|Any CPU
		{ECB17859-8634-44A4-86E8-2541234A1D05}.AppStore|Any CPU.Build.0 = Debug|Any CPU
		{ECB17859-8634-44A4-86E8-2541234A1D05}.AppStore|ARM.ActiveCfg = Debug|Any CPU
		{ECB17859-8634-44A4-86E8-2541234A1D05}.AppStore|ARM.Build.0 = Debug|Any CPU
		{ECB17859-8634-44A4-86E8-2541234A1D05}.AppStore|x64.ActiveCfg = Debug|Any CPU
		{ECB17859-8634-44A4-86E8-2541234A1D05}.AppStore|x64.Build.0 = Debug|Any CPU
		{ECB17859-8634-44A4-86E8-2541234A1D05}.AppStore|x86.ActiveCfg = Debug|Any CPU
		{ECB17859-8634-44A4-86E8-2541234A1D05}.AppStore|x86.Build.0 = Debug|Any CPU
		{ECB17859-8634-44A4-86E8-2541234A1D05}.Debug|Any CPU.ActiveCfg = Debug|Any CPU
		{ECB17859-8634-44A4-86E8-2541234A1D05}.Debug|Any CPU.Build.0 = Debug|Any CPU
		{ECB17859-8634-44A4-86E8-2541234A1D05}.Debug|ARM.ActiveCfg = Debug|Any CPU
		{ECB17859-8634-44A4-86E8-2541234A1D05}.Debug|ARM.Build.0 = Debug|Any CPU
		{ECB17859-8634-44A4-86E8-2541234A1D05}.Debug|x64.ActiveCfg = Debug|Any CPU
		{ECB17859-8634-44A4-86E8-2541234A1D05}.Debug|x64.Build.0 = Debug|Any CPU
		{ECB17859-8634-44A4-86E8-2541234A1D05}.Debug|x86.ActiveCfg = Debug|Any CPU
		{ECB17859-8634-44A4-86E8-2541234A1D05}.Debug|x86.Build.0 = Debug|Any CPU
		{ECB17859-8634-44A4-86E8-2541234A1D05}.Release|Any CPU.ActiveCfg = Release|Any CPU
		{ECB17859-8634-44A4-86E8-2541234A1D05}.Release|Any CPU.Build.0 = Release|Any CPU
		{ECB17859-8634-44A4-86E8-2541234A1D05}.Release|ARM.ActiveCfg = Release|Any CPU
		{ECB17859-8634-44A4-86E8-2541234A1D05}.Release|ARM.Build.0 = Release|Any CPU
		{ECB17859-8634-44A4-86E8-2541234A1D05}.Release|x64.ActiveCfg = Release|Any CPU
		{ECB17859-8634-44A4-86E8-2541234A1D05}.Release|x64.Build.0 = Release|Any CPU
		{ECB17859-8634-44A4-86E8-2541234A1D05}.Release|x86.ActiveCfg = Release|Any CPU
		{ECB17859-8634-44A4-86E8-2541234A1D05}.Release|x86.Build.0 = Release|Any CPU
	EndGlobalSection
	GlobalSection(SolutionProperties) = preSolution
		HideSolutionNode = FALSE
	EndGlobalSection
	GlobalSection(NestedProjects) = preSolution
		{D62411C3-03D8-4768-B8F4-0743DCAAAB10} = {53B2C3A3-793C-45EA-AC20-8C6804E38AFE}
	EndGlobalSection
	GlobalSection(ExtensibilityGlobals) = postSolution
		SolutionGuid = {7F327A80-2FA4-43DA-AFF7-CBE994376B7F}
	EndGlobalSection
EndGlobal
